// !$*UTF8*$!
{
	archiveVersion = 1;
	classes = {
	};
	objectVersion = 50;
	objects = {

/* Begin PBXBuildFile section */
		0ECCF58DCFEF7CD98451C9A5 /* Pods_MyXellissimeBook.framework in Frameworks */ = {isa = PBXBuildFile; fileRef = 9535DBD3288E688706084B5D /* Pods_MyXellissimeBook.framework */; };
		C100899422BCAEB700D3497E /* UserBookCell.swift in Sources */ = {isa = PBXBuildFile; fileRef = C100899322BCAEB700D3497E /* UserBookCell.swift */; };
		C100899622BCCB6100D3497E /* UserBooksTableViewController.swift in Sources */ = {isa = PBXBuildFile; fileRef = C100899522BCCB6100D3497E /* UserBooksTableViewController.swift */; };
		C113699822B2F1FF003F0503 /* FirebaseUtilities.swift in Sources */ = {isa = PBXBuildFile; fileRef = C113699722B2F1FF003F0503 /* FirebaseUtilities.swift */; };
		C116190122BB8080005BC226 /* GoodReads.xml in Resources */ = {isa = PBXBuildFile; fileRef = C116190022BB8080005BC226 /* GoodReads.xml */; };
		C116190322BB8646005BC226 /* GoogleBooks.json in Resources */ = {isa = PBXBuildFile; fileRef = C116190222BB8646005BC226 /* GoogleBooks.json */; };
		C116190522BB986E005BC226 /* OpenLibrary.json in Resources */ = {isa = PBXBuildFile; fileRef = C116190422BB986E005BC226 /* OpenLibrary.json */; };
		C116190722BB9AFE005BC226 /* FakeResponseData.swift in Sources */ = {isa = PBXBuildFile; fileRef = C116190622BB9AFE005BC226 /* FakeResponseData.swift */; };
		C116190922BBB21E005BC226 /* URLSessionFake.swift in Sources */ = {isa = PBXBuildFile; fileRef = C116190822BBB21E005BC226 /* URLSessionFake.swift */; };
		C116190B22BBB64A005BC226 /* APIManagerTestCase.swift in Sources */ = {isa = PBXBuildFile; fileRef = C116190A22BBB64A005BC226 /* APIManagerTestCase.swift */; };
		C116190D22BBDDCD005BC226 /* BookTestCase.swift in Sources */ = {isa = PBXBuildFile; fileRef = C116190C22BBDDCD005BC226 /* BookTestCase.swift */; };
		C116190F22BBE0AD005BC226 /* UtilitiesTestCase.swift in Sources */ = {isa = PBXBuildFile; fileRef = C116190E22BBE0AD005BC226 /* UtilitiesTestCase.swift */; };
		C116191122BBE12A005BC226 /* MessageTestCase.swift in Sources */ = {isa = PBXBuildFile; fileRef = C116191022BBE12A005BC226 /* MessageTestCase.swift */; };
		C116191322BBE51F005BC226 /* LoanBookTestCase.swift in Sources */ = {isa = PBXBuildFile; fileRef = C116191222BBE51F005BC226 /* LoanBookTestCase.swift */; };
		C11B304A22BE034C0023CF0E /* SearchViewController+SetupScreen.swift in Sources */ = {isa = PBXBuildFile; fileRef = C11B304922BE034C0023CF0E /* SearchViewController+SetupScreen.swift */; };
		C11B304C22BE18910023CF0E /* UserLentBooksTableViewController.swift in Sources */ = {isa = PBXBuildFile; fileRef = C11B304B22BE18910023CF0E /* UserLentBooksTableViewController.swift */; };
		C11B304E22BE20330023CF0E /* DetailLentBookViewController.swift in Sources */ = {isa = PBXBuildFile; fileRef = C11B304D22BE20330023CF0E /* DetailLentBookViewController.swift */; };
		C11B305022BE61310023CF0E /* DetailLentBookViewController+setupScreen.swift in Sources */ = {isa = PBXBuildFile; fileRef = C11B304F22BE61310023CF0E /* DetailLentBookViewController+setupScreen.swift */; };
		C11B305222BE7E530023CF0E /* ManageLoanViewController.swift in Sources */ = {isa = PBXBuildFile; fileRef = C11B305122BE7E530023CF0E /* ManageLoanViewController.swift */; };
		C120D34B22C09AD700E749BC /* CustomUI.swift in Sources */ = {isa = PBXBuildFile; fileRef = C120D34A22C09AD700E749BC /* CustomUI.swift */; };
		C120D34D22C0AE0F00E749BC /* LoanConfirmationViewController+setupScreen.swift in Sources */ = {isa = PBXBuildFile; fileRef = C120D34C22C0AE0F00E749BC /* LoanConfirmationViewController+setupScreen.swift */; };
		C120D34F22C0C1C500E749BC /* UserBorrowedBooksTableViewController.swift in Sources */ = {isa = PBXBuildFile; fileRef = C120D34E22C0C1C500E749BC /* UserBorrowedBooksTableViewController.swift */; };
		C120D35122C0E44500E749BC /* DetailBorrowedBookViewController.swift in Sources */ = {isa = PBXBuildFile; fileRef = C120D35022C0E44500E749BC /* DetailBorrowedBookViewController.swift */; };
		C120D35322C0E6E800E749BC /* DetailBorrowerBookViewController+setupScreen.swift in Sources */ = {isa = PBXBuildFile; fileRef = C120D35222C0E6E800E749BC /* DetailBorrowerBookViewController+setupScreen.swift */; };
		C120D35522C1350600E749BC /* SearchBookResultTableViewController.swift in Sources */ = {isa = PBXBuildFile; fileRef = C120D35422C1350600E749BC /* SearchBookResultTableViewController.swift */; };
		C120D35722C1602C00E749BC /* SearchBookDetailViewController.swift in Sources */ = {isa = PBXBuildFile; fileRef = C120D35622C1602C00E749BC /* SearchBookDetailViewController.swift */; };
		C120D35922C1618500E749BC /* SearchBookDetailViewController+setupScreen.swift in Sources */ = {isa = PBXBuildFile; fileRef = C120D35822C1618500E749BC /* SearchBookDetailViewController+setupScreen.swift */; };
		C1226F0B22BF47C600A35A51 /* ManageLoanViewController+setupScreen.swift in Sources */ = {isa = PBXBuildFile; fileRef = C1226F0A22BF47C600A35A51 /* ManageLoanViewController+setupScreen.swift */; };
		C1226F0D22BFAE5500A35A51 /* LoanConfirmationViewController.swift in Sources */ = {isa = PBXBuildFile; fileRef = C1226F0C22BFAE5500A35A51 /* LoanConfirmationViewController.swift */; };
		C12C124E22B37469006A3F2C /* AddBookViewController.swift in Sources */ = {isa = PBXBuildFile; fileRef = C12C124D22B37469006A3F2C /* AddBookViewController.swift */; };
		C12C125022B3839D006A3F2C /* AddManuallyViewController.swift in Sources */ = {isa = PBXBuildFile; fileRef = C12C124F22B3839D006A3F2C /* AddManuallyViewController.swift */; };
		C12C125222B3915A006A3F2C /* Utilities.swift in Sources */ = {isa = PBXBuildFile; fileRef = C12C125122B3915A006A3F2C /* Utilities.swift */; };
		C12C125922B3D5FD006A3F2C /* LoginControler+handlers.swift in Sources */ = {isa = PBXBuildFile; fileRef = C12C125822B3D5FD006A3F2C /* LoginControler+handlers.swift */; };
		C12C125B22B40934006A3F2C /* UserCell.swift in Sources */ = {isa = PBXBuildFile; fileRef = C12C125A22B40934006A3F2C /* UserCell.swift */; };
		C12FAA53230159900031AF19 /* ChatLogController+SetupScreen.swift in Sources */ = {isa = PBXBuildFile; fileRef = C12FAA52230159900031AF19 /* ChatLogController+SetupScreen.swift */; };
		C13355C122BA1D270006D9CD /* Book.swift in Sources */ = {isa = PBXBuildFile; fileRef = C13355C022BA1D270006D9CD /* Book.swift */; };
		C13355C322BA1E290006D9CD /* LoanBook.swift in Sources */ = {isa = PBXBuildFile; fileRef = C13355C222BA1E290006D9CD /* LoanBook.swift */; };
		C13355C522BA255E0006D9CD /* ScanMenuViewController.swift in Sources */ = {isa = PBXBuildFile; fileRef = C13355C422BA255E0006D9CD /* ScanMenuViewController.swift */; };
		C13355C722BA45F20006D9CD /* ScanRunningViewController.swift in Sources */ = {isa = PBXBuildFile; fileRef = C13355C622BA45F20006D9CD /* ScanRunningViewController.swift */; };
		C13355D022BA6BF40006D9CD /* APIManager.swift in Sources */ = {isa = PBXBuildFile; fileRef = C13355CF22BA6BF40006D9CD /* APIManager.swift */; };
		C13355D222BA724A0006D9CD /* BookResponse.swift in Sources */ = {isa = PBXBuildFile; fileRef = C13355D122BA724A0006D9CD /* BookResponse.swift */; };
		C13355D422BA787D0006D9CD /* BookOpenLibraryResponse.swift in Sources */ = {isa = PBXBuildFile; fileRef = C13355D322BA787D0006D9CD /* BookOpenLibraryResponse.swift */; };
		C13355D622BA84B40006D9CD /* GoogleBookAPI.swift in Sources */ = {isa = PBXBuildFile; fileRef = C13355D522BA84B40006D9CD /* GoogleBookAPI.swift */; };
		C13355D822BA85680006D9CD /* Alert.swift in Sources */ = {isa = PBXBuildFile; fileRef = C13355D722BA85680006D9CD /* Alert.swift */; };
		C13355DA22BA87C30006D9CD /* OpenLibraryAPI.swift in Sources */ = {isa = PBXBuildFile; fileRef = C13355D922BA87C30006D9CD /* OpenLibraryAPI.swift */; };
		C13355DC22BA88E90006D9CD /* GoodReadsAPI.swift in Sources */ = {isa = PBXBuildFile; fileRef = C13355DB22BA88E90006D9CD /* GoodReadsAPI.swift */; };
		C148A66C2334CA4200CA4717 /* ExtensionDate.swift in Sources */ = {isa = PBXBuildFile; fileRef = C148A66B2334CA4200CA4717 /* ExtensionDate.swift */; };
		C14B9FCC22B90BB8000BDA58 /* ChatMessageCell.swift in Sources */ = {isa = PBXBuildFile; fileRef = C14B9FCB22B90BB8000BDA58 /* ChatMessageCell.swift */; };
		C1596ED822B6807500CBCD08 /* Message.swift in Sources */ = {isa = PBXBuildFile; fileRef = C1596ED722B6807500CBCD08 /* Message.swift */; };
		C15D2B2022BD256300B621E8 /* DetailAvailableBookViewController.swift in Sources */ = {isa = PBXBuildFile; fileRef = C15D2B1F22BD256300B621E8 /* DetailAvailableBookViewController.swift */; };
		C15D2B2222BD495B00B621E8 /* LoginController+setupScreen.swift in Sources */ = {isa = PBXBuildFile; fileRef = C15D2B2122BD495B00B621E8 /* LoginController+setupScreen.swift */; };
		C163F9B2230D2F2500458423 /* AddManuallyViewController+setupScreen.swift in Sources */ = {isa = PBXBuildFile; fileRef = C163F9B1230D2F2500458423 /* AddManuallyViewController+setupScreen.swift */; };
		C16B2C71232F955A002D4F4B /* AlertEnglish.swift in Sources */ = {isa = PBXBuildFile; fileRef = C16B2C70232F955A002D4F4B /* AlertEnglish.swift */; };
		C16D3EFF23200CAA00F85271 /* ApnsUploads.swift in Sources */ = {isa = PBXBuildFile; fileRef = C16D3EFE23200CAA00F85271 /* ApnsUploads.swift */; };
		C16D3F0123200DD000F85271 /* NotificationDelegate.swift in Sources */ = {isa = PBXBuildFile; fileRef = C16D3F0023200DD000F85271 /* NotificationDelegate.swift */; };
		C17EEF5422B28D8B00BF01B5 /* CustomInitialTabBarController.swift in Sources */ = {isa = PBXBuildFile; fileRef = C17EEF5322B28D8B00BF01B5 /* CustomInitialTabBarController.swift */; };
		C17EEF5622B292C500BF01B5 /* SearchViewController.swift in Sources */ = {isa = PBXBuildFile; fileRef = C17EEF5522B292C500BF01B5 /* SearchViewController.swift */; };
		C17EEF5822B2934100BF01B5 /* ChatTableViewController.swift in Sources */ = {isa = PBXBuildFile; fileRef = C17EEF5722B2934100BF01B5 /* ChatTableViewController.swift */; };
		C1873F9E233A202D004C1F13 /* CoreLocation.framework in Frameworks */ = {isa = PBXBuildFile; fileRef = C1873F9D233A202D004C1F13 /* CoreLocation.framework */; };
		C1873FA0233A3BAF004C1F13 /* Map.swift in Sources */ = {isa = PBXBuildFile; fileRef = C1873F9F233A3BAF004C1F13 /* Map.swift */; };
		C1873FA2233A4117004C1F13 /* ExtensionsView.swift in Sources */ = {isa = PBXBuildFile; fileRef = C1873FA1233A4117004C1F13 /* ExtensionsView.swift */; };
		C1873FA4233A77C8004C1F13 /* MapAnnotation.swift in Sources */ = {isa = PBXBuildFile; fileRef = C1873FA3233A77C8004C1F13 /* MapAnnotation.swift */; };
		C19371D722B0FC500017E696 /* AppDelegate.swift in Sources */ = {isa = PBXBuildFile; fileRef = C19371D622B0FC500017E696 /* AppDelegate.swift */; };
		C19371D922B0FC500017E696 /* InitialViewController.swift in Sources */ = {isa = PBXBuildFile; fileRef = C19371D822B0FC500017E696 /* InitialViewController.swift */; };
		C19371DC22B0FC500017E696 /* Main.storyboard in Resources */ = {isa = PBXBuildFile; fileRef = C19371DA22B0FC500017E696 /* Main.storyboard */; };
		C19371DE22B0FC510017E696 /* Assets.xcassets in Resources */ = {isa = PBXBuildFile; fileRef = C19371DD22B0FC510017E696 /* Assets.xcassets */; };
		C19371E122B0FC510017E696 /* LaunchScreen.storyboard in Resources */ = {isa = PBXBuildFile; fileRef = C19371DF22B0FC510017E696 /* LaunchScreen.storyboard */; };
		C19371EA22B0FD070017E696 /* LoginController.swift in Sources */ = {isa = PBXBuildFile; fileRef = C19371E922B0FD070017E696 /* LoginController.swift */; };
		C19E1EA3232A7EB8001FA746 /* AllBooksViewController.swift in Sources */ = {isa = PBXBuildFile; fileRef = C19E1EA2232A7EB8001FA746 /* AllBooksViewController.swift */; };
		C1A5840E22B4F59200EABEBA /* ChatInitialViewController.swift in Sources */ = {isa = PBXBuildFile; fileRef = C1A5840D22B4F59200EABEBA /* ChatInitialViewController.swift */; };
		C1A5841022B4FE1000EABEBA /* ChatLogController.swift in Sources */ = {isa = PBXBuildFile; fileRef = C1A5840F22B4FE1000EABEBA /* ChatLogController.swift */; };
		C1A86AE122EF131600AB78EC /* GoogleService-Info.plist in Resources */ = {isa = PBXBuildFile; fileRef = C1A86AE022EF131600AB78EC /* GoogleService-Info.plist */; };
		C1A86AE422EF134900AB78EC /* APIKeys.swift in Sources */ = {isa = PBXBuildFile; fileRef = C1A86AE222EF134900AB78EC /* APIKeys.swift */; };
		C1A86AE522EF134900AB78EC /* APIKeys.plist in Resources */ = {isa = PBXBuildFile; fileRef = C1A86AE322EF134900AB78EC /* APIKeys.plist */; };
		C1B42B7922B13FAF00982194 /* User.swift in Sources */ = {isa = PBXBuildFile; fileRef = C1B42B7822B13FAF00982194 /* User.swift */; };
		C1B42B8522B140EF00982194 /* MyXellissimeBookTests.swift in Sources */ = {isa = PBXBuildFile; fileRef = C1B42B8422B140EF00982194 /* MyXellissimeBookTests.swift */; };
		C1B42B8D22B1412000982194 /* UserTest.swift in Sources */ = {isa = PBXBuildFile; fileRef = C1B42B8C22B1412000982194 /* UserTest.swift */; };
		C1C12334231805E400B31989 /* ExtensionUIImage.swift in Sources */ = {isa = PBXBuildFile; fileRef = C1C12333231805E400B31989 /* ExtensionUIImage.swift */; };
		C1D1A77E2316C78700E771AD /* AddBookViewController+setupScreen.swift in Sources */ = {isa = PBXBuildFile; fileRef = C1D1A77D2316C78700E771AD /* AddBookViewController+setupScreen.swift */; };
		C1E5D7A32302B97000D23E80 /* MyTextRecognizer.swift in Sources */ = {isa = PBXBuildFile; fileRef = C1E5D7A22302B97000D23E80 /* MyTextRecognizer.swift */; };
		C1E5D7A62302ED1200D23E80 /* ExtensionViewController.swift in Sources */ = {isa = PBXBuildFile; fileRef = C1E5D7A52302ED1200D23E80 /* ExtensionViewController.swift */; };
		C1E5D7A82302F6A900D23E80 /* ExtensionString.swift in Sources */ = {isa = PBXBuildFile; fileRef = C1E5D7A72302F6A900D23E80 /* ExtensionString.swift */; };
		C1E5D7AA2302F70F00D23E80 /* ExtensionUIColor.swift in Sources */ = {isa = PBXBuildFile; fileRef = C1E5D7A92302F70F00D23E80 /* ExtensionUIColor.swift */; };
		C1E5D7AC2302F78100D23E80 /* ExtensionUIImageView.swift in Sources */ = {isa = PBXBuildFile; fileRef = C1E5D7AB2302F78100D23E80 /* ExtensionUIImageView.swift */; };
		F9FD6C546E60F13112A3A05B /* Pods_MyXellissimeBookTests.framework in Frameworks */ = {isa = PBXBuildFile; fileRef = 0C4CB8B24C6201E44EC28B02 /* Pods_MyXellissimeBookTests.framework */; };
/* End PBXBuildFile section */

/* Begin PBXContainerItemProxy section */
		C1B42B8722B140EF00982194 /* PBXContainerItemProxy */ = {
			isa = PBXContainerItemProxy;
			containerPortal = C19371CB22B0FC500017E696 /* Project object */;
			proxyType = 1;
			remoteGlobalIDString = C19371D222B0FC500017E696;
			remoteInfo = MyXellissimeBook;
		};
/* End PBXContainerItemProxy section */

/* Begin PBXFileReference section */
		0C4CB8B24C6201E44EC28B02 /* Pods_MyXellissimeBookTests.framework */ = {isa = PBXFileReference; explicitFileType = wrapper.framework; includeInIndex = 0; path = Pods_MyXellissimeBookTests.framework; sourceTree = BUILT_PRODUCTS_DIR; };
		4912A2591C27597BF3C33A39 /* Pods-MyXellissimeBook.release.xcconfig */ = {isa = PBXFileReference; includeInIndex = 1; lastKnownFileType = text.xcconfig; name = "Pods-MyXellissimeBook.release.xcconfig"; path = "Pods/Target Support Files/Pods-MyXellissimeBook/Pods-MyXellissimeBook.release.xcconfig"; sourceTree = "<group>"; };
		5039E6534E02372DEB3671A4 /* Pods-MyXellissimeBook.debug.xcconfig */ = {isa = PBXFileReference; includeInIndex = 1; lastKnownFileType = text.xcconfig; name = "Pods-MyXellissimeBook.debug.xcconfig"; path = "Pods/Target Support Files/Pods-MyXellissimeBook/Pods-MyXellissimeBook.debug.xcconfig"; sourceTree = "<group>"; };
		9535DBD3288E688706084B5D /* Pods_MyXellissimeBook.framework */ = {isa = PBXFileReference; explicitFileType = wrapper.framework; includeInIndex = 0; path = Pods_MyXellissimeBook.framework; sourceTree = BUILT_PRODUCTS_DIR; };
		C100899322BCAEB700D3497E /* UserBookCell.swift */ = {isa = PBXFileReference; lastKnownFileType = sourcecode.swift; path = UserBookCell.swift; sourceTree = "<group>"; };
		C100899522BCCB6100D3497E /* UserBooksTableViewController.swift */ = {isa = PBXFileReference; lastKnownFileType = sourcecode.swift; path = UserBooksTableViewController.swift; sourceTree = "<group>"; };
		C113699722B2F1FF003F0503 /* FirebaseUtilities.swift */ = {isa = PBXFileReference; lastKnownFileType = sourcecode.swift; path = FirebaseUtilities.swift; sourceTree = "<group>"; };
		C116190022BB8080005BC226 /* GoodReads.xml */ = {isa = PBXFileReference; lastKnownFileType = text.xml; path = GoodReads.xml; sourceTree = "<group>"; };
		C116190222BB8646005BC226 /* GoogleBooks.json */ = {isa = PBXFileReference; lastKnownFileType = text.json; path = GoogleBooks.json; sourceTree = "<group>"; };
		C116190422BB986E005BC226 /* OpenLibrary.json */ = {isa = PBXFileReference; lastKnownFileType = text.json; path = OpenLibrary.json; sourceTree = "<group>"; };
		C116190622BB9AFE005BC226 /* FakeResponseData.swift */ = {isa = PBXFileReference; lastKnownFileType = sourcecode.swift; path = FakeResponseData.swift; sourceTree = "<group>"; };
		C116190822BBB21E005BC226 /* URLSessionFake.swift */ = {isa = PBXFileReference; lastKnownFileType = sourcecode.swift; path = URLSessionFake.swift; sourceTree = "<group>"; };
		C116190A22BBB64A005BC226 /* APIManagerTestCase.swift */ = {isa = PBXFileReference; lastKnownFileType = sourcecode.swift; path = APIManagerTestCase.swift; sourceTree = "<group>"; };
		C116190C22BBDDCD005BC226 /* BookTestCase.swift */ = {isa = PBXFileReference; lastKnownFileType = sourcecode.swift; path = BookTestCase.swift; sourceTree = "<group>"; };
		C116190E22BBE0AD005BC226 /* UtilitiesTestCase.swift */ = {isa = PBXFileReference; lastKnownFileType = sourcecode.swift; path = UtilitiesTestCase.swift; sourceTree = "<group>"; };
		C116191022BBE12A005BC226 /* MessageTestCase.swift */ = {isa = PBXFileReference; lastKnownFileType = sourcecode.swift; path = MessageTestCase.swift; sourceTree = "<group>"; };
		C116191222BBE51F005BC226 /* LoanBookTestCase.swift */ = {isa = PBXFileReference; lastKnownFileType = sourcecode.swift; path = LoanBookTestCase.swift; sourceTree = "<group>"; };
		C11B304922BE034C0023CF0E /* SearchViewController+SetupScreen.swift */ = {isa = PBXFileReference; lastKnownFileType = sourcecode.swift; path = "SearchViewController+SetupScreen.swift"; sourceTree = "<group>"; };
		C11B304B22BE18910023CF0E /* UserLentBooksTableViewController.swift */ = {isa = PBXFileReference; lastKnownFileType = sourcecode.swift; path = UserLentBooksTableViewController.swift; sourceTree = "<group>"; };
		C11B304D22BE20330023CF0E /* DetailLentBookViewController.swift */ = {isa = PBXFileReference; lastKnownFileType = sourcecode.swift; path = DetailLentBookViewController.swift; sourceTree = "<group>"; };
		C11B304F22BE61310023CF0E /* DetailLentBookViewController+setupScreen.swift */ = {isa = PBXFileReference; lastKnownFileType = sourcecode.swift; path = "DetailLentBookViewController+setupScreen.swift"; sourceTree = "<group>"; };
		C11B305122BE7E530023CF0E /* ManageLoanViewController.swift */ = {isa = PBXFileReference; lastKnownFileType = sourcecode.swift; path = ManageLoanViewController.swift; sourceTree = "<group>"; };
		C120D34A22C09AD700E749BC /* CustomUI.swift */ = {isa = PBXFileReference; lastKnownFileType = sourcecode.swift; path = CustomUI.swift; sourceTree = "<group>"; };
		C120D34C22C0AE0F00E749BC /* LoanConfirmationViewController+setupScreen.swift */ = {isa = PBXFileReference; lastKnownFileType = sourcecode.swift; path = "LoanConfirmationViewController+setupScreen.swift"; sourceTree = "<group>"; };
		C120D34E22C0C1C500E749BC /* UserBorrowedBooksTableViewController.swift */ = {isa = PBXFileReference; lastKnownFileType = sourcecode.swift; path = UserBorrowedBooksTableViewController.swift; sourceTree = "<group>"; };
		C120D35022C0E44500E749BC /* DetailBorrowedBookViewController.swift */ = {isa = PBXFileReference; lastKnownFileType = sourcecode.swift; path = DetailBorrowedBookViewController.swift; sourceTree = "<group>"; };
		C120D35222C0E6E800E749BC /* DetailBorrowerBookViewController+setupScreen.swift */ = {isa = PBXFileReference; lastKnownFileType = sourcecode.swift; path = "DetailBorrowerBookViewController+setupScreen.swift"; sourceTree = "<group>"; };
		C120D35422C1350600E749BC /* SearchBookResultTableViewController.swift */ = {isa = PBXFileReference; lastKnownFileType = sourcecode.swift; path = SearchBookResultTableViewController.swift; sourceTree = "<group>"; };
		C120D35622C1602C00E749BC /* SearchBookDetailViewController.swift */ = {isa = PBXFileReference; lastKnownFileType = sourcecode.swift; path = SearchBookDetailViewController.swift; sourceTree = "<group>"; };
		C120D35822C1618500E749BC /* SearchBookDetailViewController+setupScreen.swift */ = {isa = PBXFileReference; lastKnownFileType = sourcecode.swift; path = "SearchBookDetailViewController+setupScreen.swift"; sourceTree = "<group>"; };
		C1226F0A22BF47C600A35A51 /* ManageLoanViewController+setupScreen.swift */ = {isa = PBXFileReference; lastKnownFileType = sourcecode.swift; path = "ManageLoanViewController+setupScreen.swift"; sourceTree = "<group>"; };
		C1226F0C22BFAE5500A35A51 /* LoanConfirmationViewController.swift */ = {isa = PBXFileReference; lastKnownFileType = sourcecode.swift; path = LoanConfirmationViewController.swift; sourceTree = "<group>"; };
		C12C124D22B37469006A3F2C /* AddBookViewController.swift */ = {isa = PBXFileReference; lastKnownFileType = sourcecode.swift; path = AddBookViewController.swift; sourceTree = "<group>"; };
		C12C124F22B3839D006A3F2C /* AddManuallyViewController.swift */ = {isa = PBXFileReference; lastKnownFileType = sourcecode.swift; path = AddManuallyViewController.swift; sourceTree = "<group>"; };
		C12C125122B3915A006A3F2C /* Utilities.swift */ = {isa = PBXFileReference; lastKnownFileType = sourcecode.swift; path = Utilities.swift; sourceTree = "<group>"; };
		C12C125822B3D5FD006A3F2C /* LoginControler+handlers.swift */ = {isa = PBXFileReference; lastKnownFileType = sourcecode.swift; path = "LoginControler+handlers.swift"; sourceTree = "<group>"; };
		C12C125A22B40934006A3F2C /* UserCell.swift */ = {isa = PBXFileReference; lastKnownFileType = sourcecode.swift; path = UserCell.swift; sourceTree = "<group>"; };
		C12FAA52230159900031AF19 /* ChatLogController+SetupScreen.swift */ = {isa = PBXFileReference; lastKnownFileType = sourcecode.swift; path = "ChatLogController+SetupScreen.swift"; sourceTree = "<group>"; };
		C13355C022BA1D270006D9CD /* Book.swift */ = {isa = PBXFileReference; lastKnownFileType = sourcecode.swift; path = Book.swift; sourceTree = "<group>"; };
		C13355C222BA1E290006D9CD /* LoanBook.swift */ = {isa = PBXFileReference; lastKnownFileType = sourcecode.swift; path = LoanBook.swift; sourceTree = "<group>"; };
		C13355C422BA255E0006D9CD /* ScanMenuViewController.swift */ = {isa = PBXFileReference; lastKnownFileType = sourcecode.swift; path = ScanMenuViewController.swift; sourceTree = "<group>"; };
		C13355C622BA45F20006D9CD /* ScanRunningViewController.swift */ = {isa = PBXFileReference; lastKnownFileType = sourcecode.swift; path = ScanRunningViewController.swift; sourceTree = "<group>"; };
		C13355CF22BA6BF40006D9CD /* APIManager.swift */ = {isa = PBXFileReference; lastKnownFileType = sourcecode.swift; path = APIManager.swift; sourceTree = "<group>"; };
		C13355D122BA724A0006D9CD /* BookResponse.swift */ = {isa = PBXFileReference; lastKnownFileType = sourcecode.swift; path = BookResponse.swift; sourceTree = "<group>"; };
		C13355D322BA787D0006D9CD /* BookOpenLibraryResponse.swift */ = {isa = PBXFileReference; lastKnownFileType = sourcecode.swift; path = BookOpenLibraryResponse.swift; sourceTree = "<group>"; };
		C13355D522BA84B40006D9CD /* GoogleBookAPI.swift */ = {isa = PBXFileReference; lastKnownFileType = sourcecode.swift; path = GoogleBookAPI.swift; sourceTree = "<group>"; };
		C13355D722BA85680006D9CD /* Alert.swift */ = {isa = PBXFileReference; lastKnownFileType = sourcecode.swift; path = Alert.swift; sourceTree = "<group>"; };
		C13355D922BA87C30006D9CD /* OpenLibraryAPI.swift */ = {isa = PBXFileReference; lastKnownFileType = sourcecode.swift; path = OpenLibraryAPI.swift; sourceTree = "<group>"; };
		C13355DB22BA88E90006D9CD /* GoodReadsAPI.swift */ = {isa = PBXFileReference; lastKnownFileType = sourcecode.swift; path = GoodReadsAPI.swift; sourceTree = "<group>"; };
		C148A66B2334CA4200CA4717 /* ExtensionDate.swift */ = {isa = PBXFileReference; lastKnownFileType = sourcecode.swift; path = ExtensionDate.swift; sourceTree = "<group>"; };
		C14B9FCB22B90BB8000BDA58 /* ChatMessageCell.swift */ = {isa = PBXFileReference; lastKnownFileType = sourcecode.swift; path = ChatMessageCell.swift; sourceTree = "<group>"; };
		C1596ED722B6807500CBCD08 /* Message.swift */ = {isa = PBXFileReference; lastKnownFileType = sourcecode.swift; path = Message.swift; sourceTree = "<group>"; };
		C15D2B1F22BD256300B621E8 /* DetailAvailableBookViewController.swift */ = {isa = PBXFileReference; lastKnownFileType = sourcecode.swift; path = DetailAvailableBookViewController.swift; sourceTree = "<group>"; };
		C15D2B2122BD495B00B621E8 /* LoginController+setupScreen.swift */ = {isa = PBXFileReference; lastKnownFileType = sourcecode.swift; path = "LoginController+setupScreen.swift"; sourceTree = "<group>"; };
		C163F9B1230D2F2500458423 /* AddManuallyViewController+setupScreen.swift */ = {isa = PBXFileReference; lastKnownFileType = sourcecode.swift; path = "AddManuallyViewController+setupScreen.swift"; sourceTree = "<group>"; };
		C16B2C70232F955A002D4F4B /* AlertEnglish.swift */ = {isa = PBXFileReference; lastKnownFileType = sourcecode.swift; path = AlertEnglish.swift; sourceTree = "<group>"; };
		C16D3EFD231FFC4200F85271 /* MyXellissimeBook.entitlements */ = {isa = PBXFileReference; lastKnownFileType = text.plist.entitlements; path = MyXellissimeBook.entitlements; sourceTree = "<group>"; };
		C16D3EFE23200CAA00F85271 /* ApnsUploads.swift */ = {isa = PBXFileReference; lastKnownFileType = sourcecode.swift; path = ApnsUploads.swift; sourceTree = "<group>"; };
		C16D3F0023200DD000F85271 /* NotificationDelegate.swift */ = {isa = PBXFileReference; lastKnownFileType = sourcecode.swift; path = NotificationDelegate.swift; sourceTree = "<group>"; };
		C16D3F022320113600F85271 /* payload.geojson */ = {isa = PBXFileReference; lastKnownFileType = text; path = payload.geojson; sourceTree = "<group>"; };
		C17EEF5322B28D8B00BF01B5 /* CustomInitialTabBarController.swift */ = {isa = PBXFileReference; lastKnownFileType = sourcecode.swift; path = CustomInitialTabBarController.swift; sourceTree = "<group>"; };
		C17EEF5522B292C500BF01B5 /* SearchViewController.swift */ = {isa = PBXFileReference; lastKnownFileType = sourcecode.swift; path = SearchViewController.swift; sourceTree = "<group>"; };
		C17EEF5722B2934100BF01B5 /* ChatTableViewController.swift */ = {isa = PBXFileReference; lastKnownFileType = sourcecode.swift; path = ChatTableViewController.swift; sourceTree = "<group>"; };
		C1873F9D233A202D004C1F13 /* CoreLocation.framework */ = {isa = PBXFileReference; lastKnownFileType = wrapper.framework; name = CoreLocation.framework; path = System/Library/Frameworks/CoreLocation.framework; sourceTree = SDKROOT; };
		C1873F9F233A3BAF004C1F13 /* Map.swift */ = {isa = PBXFileReference; lastKnownFileType = sourcecode.swift; path = Map.swift; sourceTree = "<group>"; };
		C1873FA1233A4117004C1F13 /* ExtensionsView.swift */ = {isa = PBXFileReference; lastKnownFileType = sourcecode.swift; path = ExtensionsView.swift; sourceTree = "<group>"; };
		C1873FA3233A77C8004C1F13 /* MapAnnotation.swift */ = {isa = PBXFileReference; lastKnownFileType = sourcecode.swift; path = MapAnnotation.swift; sourceTree = "<group>"; };
		C19371D322B0FC500017E696 /* MyXellissimeBook.app */ = {isa = PBXFileReference; explicitFileType = wrapper.application; includeInIndex = 0; path = MyXellissimeBook.app; sourceTree = BUILT_PRODUCTS_DIR; };
		C19371D622B0FC500017E696 /* AppDelegate.swift */ = {isa = PBXFileReference; lastKnownFileType = sourcecode.swift; path = AppDelegate.swift; sourceTree = "<group>"; };
		C19371D822B0FC500017E696 /* InitialViewController.swift */ = {isa = PBXFileReference; lastKnownFileType = sourcecode.swift; path = InitialViewController.swift; sourceTree = "<group>"; };
		C19371DB22B0FC500017E696 /* Base */ = {isa = PBXFileReference; lastKnownFileType = file.storyboard; name = Base; path = Base.lproj/Main.storyboard; sourceTree = "<group>"; };
		C19371DD22B0FC510017E696 /* Assets.xcassets */ = {isa = PBXFileReference; lastKnownFileType = folder.assetcatalog; path = Assets.xcassets; sourceTree = "<group>"; };
		C19371E022B0FC510017E696 /* Base */ = {isa = PBXFileReference; lastKnownFileType = file.storyboard; name = Base; path = Base.lproj/LaunchScreen.storyboard; sourceTree = "<group>"; };
		C19371E222B0FC510017E696 /* Info.plist */ = {isa = PBXFileReference; lastKnownFileType = text.plist.xml; path = Info.plist; sourceTree = "<group>"; };
		C19371E922B0FD070017E696 /* LoginController.swift */ = {isa = PBXFileReference; lastKnownFileType = sourcecode.swift; path = LoginController.swift; sourceTree = "<group>"; };
		C19E1EA2232A7EB8001FA746 /* AllBooksViewController.swift */ = {isa = PBXFileReference; lastKnownFileType = sourcecode.swift; path = AllBooksViewController.swift; sourceTree = "<group>"; };
		C1A5840D22B4F59200EABEBA /* ChatInitialViewController.swift */ = {isa = PBXFileReference; lastKnownFileType = sourcecode.swift; path = ChatInitialViewController.swift; sourceTree = "<group>"; };
		C1A5840F22B4FE1000EABEBA /* ChatLogController.swift */ = {isa = PBXFileReference; lastKnownFileType = sourcecode.swift; path = ChatLogController.swift; sourceTree = "<group>"; };
		C1A86AE022EF131600AB78EC /* GoogleService-Info.plist */ = {isa = PBXFileReference; fileEncoding = 4; lastKnownFileType = text.plist.xml; path = "GoogleService-Info.plist"; sourceTree = "<group>"; };
		C1A86AE222EF134900AB78EC /* APIKeys.swift */ = {isa = PBXFileReference; fileEncoding = 4; lastKnownFileType = sourcecode.swift; path = APIKeys.swift; sourceTree = "<group>"; };
		C1A86AE322EF134900AB78EC /* APIKeys.plist */ = {isa = PBXFileReference; fileEncoding = 4; lastKnownFileType = text.plist.xml; path = APIKeys.plist; sourceTree = "<group>"; };
		C1B42B7822B13FAF00982194 /* User.swift */ = {isa = PBXFileReference; lastKnownFileType = sourcecode.swift; path = User.swift; sourceTree = "<group>"; };
		C1B42B8222B140EF00982194 /* MyXellissimeBookTests.xctest */ = {isa = PBXFileReference; explicitFileType = wrapper.cfbundle; includeInIndex = 0; path = MyXellissimeBookTests.xctest; sourceTree = BUILT_PRODUCTS_DIR; };
		C1B42B8422B140EF00982194 /* MyXellissimeBookTests.swift */ = {isa = PBXFileReference; lastKnownFileType = sourcecode.swift; path = MyXellissimeBookTests.swift; sourceTree = "<group>"; };
		C1B42B8622B140EF00982194 /* Info.plist */ = {isa = PBXFileReference; lastKnownFileType = text.plist.xml; path = Info.plist; sourceTree = "<group>"; };
		C1B42B8C22B1412000982194 /* UserTest.swift */ = {isa = PBXFileReference; lastKnownFileType = sourcecode.swift; path = UserTest.swift; sourceTree = "<group>"; };
		C1C12333231805E400B31989 /* ExtensionUIImage.swift */ = {isa = PBXFileReference; lastKnownFileType = sourcecode.swift; path = ExtensionUIImage.swift; sourceTree = "<group>"; };
		C1D1A77D2316C78700E771AD /* AddBookViewController+setupScreen.swift */ = {isa = PBXFileReference; lastKnownFileType = sourcecode.swift; path = "AddBookViewController+setupScreen.swift"; sourceTree = "<group>"; };
		C1E5D7A22302B97000D23E80 /* MyTextRecognizer.swift */ = {isa = PBXFileReference; lastKnownFileType = sourcecode.swift; path = MyTextRecognizer.swift; sourceTree = "<group>"; };
		C1E5D7A52302ED1200D23E80 /* ExtensionViewController.swift */ = {isa = PBXFileReference; lastKnownFileType = sourcecode.swift; path = ExtensionViewController.swift; sourceTree = "<group>"; };
		C1E5D7A72302F6A900D23E80 /* ExtensionString.swift */ = {isa = PBXFileReference; lastKnownFileType = sourcecode.swift; path = ExtensionString.swift; sourceTree = "<group>"; };
		C1E5D7A92302F70F00D23E80 /* ExtensionUIColor.swift */ = {isa = PBXFileReference; lastKnownFileType = sourcecode.swift; path = ExtensionUIColor.swift; sourceTree = "<group>"; };
		C1E5D7AB2302F78100D23E80 /* ExtensionUIImageView.swift */ = {isa = PBXFileReference; lastKnownFileType = sourcecode.swift; path = ExtensionUIImageView.swift; sourceTree = "<group>"; };
		D150990AA3C5194A0169970A /* Pods-MyXellissimeBookTests.release.xcconfig */ = {isa = PBXFileReference; includeInIndex = 1; lastKnownFileType = text.xcconfig; name = "Pods-MyXellissimeBookTests.release.xcconfig"; path = "Pods/Target Support Files/Pods-MyXellissimeBookTests/Pods-MyXellissimeBookTests.release.xcconfig"; sourceTree = "<group>"; };
		DF6572B50869E9097F08E23E /* Pods-MyXellissimeBookTests.debug.xcconfig */ = {isa = PBXFileReference; includeInIndex = 1; lastKnownFileType = text.xcconfig; name = "Pods-MyXellissimeBookTests.debug.xcconfig"; path = "Pods/Target Support Files/Pods-MyXellissimeBookTests/Pods-MyXellissimeBookTests.debug.xcconfig"; sourceTree = "<group>"; };
/* End PBXFileReference section */

/* Begin PBXFrameworksBuildPhase section */
		C19371D022B0FC500017E696 /* Frameworks */ = {
			isa = PBXFrameworksBuildPhase;
			buildActionMask = 2147483647;
			files = (
				C1873F9E233A202D004C1F13 /* CoreLocation.framework in Frameworks */,
				0ECCF58DCFEF7CD98451C9A5 /* Pods_MyXellissimeBook.framework in Frameworks */,
			);
			runOnlyForDeploymentPostprocessing = 0;
		};
		C1B42B7F22B140EF00982194 /* Frameworks */ = {
			isa = PBXFrameworksBuildPhase;
			buildActionMask = 2147483647;
			files = (
				F9FD6C546E60F13112A3A05B /* Pods_MyXellissimeBookTests.framework in Frameworks */,
			);
			runOnlyForDeploymentPostprocessing = 0;
		};
/* End PBXFrameworksBuildPhase section */

/* Begin PBXGroup section */
		79850C0125A74725E8FDC603 /* Frameworks */ = {
			isa = PBXGroup;
			children = (
				C1873F9D233A202D004C1F13 /* CoreLocation.framework */,
				9535DBD3288E688706084B5D /* Pods_MyXellissimeBook.framework */,
				0C4CB8B24C6201E44EC28B02 /* Pods_MyXellissimeBookTests.framework */,
			);
			name = Frameworks;
			sourceTree = "<group>";
		};
		7F6950B9F33C0D67F2E59DD5 /* Pods */ = {
			isa = PBXGroup;
			children = (
				5039E6534E02372DEB3671A4 /* Pods-MyXellissimeBook.debug.xcconfig */,
				4912A2591C27597BF3C33A39 /* Pods-MyXellissimeBook.release.xcconfig */,
				DF6572B50869E9097F08E23E /* Pods-MyXellissimeBookTests.debug.xcconfig */,
				D150990AA3C5194A0169970A /* Pods-MyXellissimeBookTests.release.xcconfig */,
			);
			name = Pods;
			sourceTree = "<group>";
		};
		C100899722BCD01D00D3497E /* Book Management */ = {
			isa = PBXGroup;
			children = (
				C100899522BCCB6100D3497E /* UserBooksTableViewController.swift */,
				C120D34E22C0C1C500E749BC /* UserBorrowedBooksTableViewController.swift */,
				C11B304B22BE18910023CF0E /* UserLentBooksTableViewController.swift */,
				C15D2B1F22BD256300B621E8 /* DetailAvailableBookViewController.swift */,
				C120D35022C0E44500E749BC /* DetailBorrowedBookViewController.swift */,
				C120D35222C0E6E800E749BC /* DetailBorrowerBookViewController+setupScreen.swift */,
				C11B305122BE7E530023CF0E /* ManageLoanViewController.swift */,
				C1226F0A22BF47C600A35A51 /* ManageLoanViewController+setupScreen.swift */,
				C1226F0C22BFAE5500A35A51 /* LoanConfirmationViewController.swift */,
				C120D34C22C0AE0F00E749BC /* LoanConfirmationViewController+setupScreen.swift */,
				C11B304D22BE20330023CF0E /* DetailLentBookViewController.swift */,
				C11B304F22BE61310023CF0E /* DetailLentBookViewController+setupScreen.swift */,
				C12C124D22B37469006A3F2C /* AddBookViewController.swift */,
				C1D1A77D2316C78700E771AD /* AddBookViewController+setupScreen.swift */,
				C12C124F22B3839D006A3F2C /* AddManuallyViewController.swift */,
				C163F9B1230D2F2500458423 /* AddManuallyViewController+setupScreen.swift */,
				C13355C422BA255E0006D9CD /* ScanMenuViewController.swift */,
				C13355C622BA45F20006D9CD /* ScanRunningViewController.swift */,
			);
			path = "Book Management";
			sourceTree = "<group>";
		};
		C100899822BCD04500D3497E /* Chat */ = {
			isa = PBXGroup;
			children = (
				C1A5840D22B4F59200EABEBA /* ChatInitialViewController.swift */,
				C17EEF5722B2934100BF01B5 /* ChatTableViewController.swift */,
				C1A5840F22B4FE1000EABEBA /* ChatLogController.swift */,
				C12FAA52230159900031AF19 /* ChatLogController+SetupScreen.swift */,
			);
			path = Chat;
			sourceTree = "<group>";
		};
		C100899922BCD0A000D3497E /* Search Management */ = {
			isa = PBXGroup;
			children = (
				C1873F9F233A3BAF004C1F13 /* Map.swift */,
				C120D35622C1602C00E749BC /* SearchBookDetailViewController.swift */,
				C120D35822C1618500E749BC /* SearchBookDetailViewController+setupScreen.swift */,
				C120D35422C1350600E749BC /* SearchBookResultTableViewController.swift */,
				C17EEF5522B292C500BF01B5 /* SearchViewController.swift */,
				C11B304922BE034C0023CF0E /* SearchViewController+SetupScreen.swift */,
			);
			path = "Search Management";
			sourceTree = "<group>";
		};
		C100899A22BCD0CA00D3497E /* LogIn */ = {
			isa = PBXGroup;
			children = (
				C19371E922B0FD070017E696 /* LoginController.swift */,
				C15D2B2122BD495B00B621E8 /* LoginController+setupScreen.swift */,
				C12C125822B3D5FD006A3F2C /* LoginControler+handlers.swift */,
			);
			path = LogIn;
			sourceTree = "<group>";
		};
		C12C125522B3A02C006A3F2C /* View */ = {
			isa = PBXGroup;
			children = (
				C120D34A22C09AD700E749BC /* CustomUI.swift */,
				C14B9FCB22B90BB8000BDA58 /* ChatMessageCell.swift */,
				C12C125A22B40934006A3F2C /* UserCell.swift */,
				C100899322BCAEB700D3497E /* UserBookCell.swift */,
			);
			path = View;
			sourceTree = "<group>";
		};
		C13355C822BA68940006D9CD /* Supporting files */ = {
			isa = PBXGroup;
			children = (
				C1A86AE022EF131600AB78EC /* GoogleService-Info.plist */,
				C1A86AE322EF134900AB78EC /* APIKeys.plist */,
				C1A86AE222EF134900AB78EC /* APIKeys.swift */,
			);
			path = "Supporting files";
			sourceTree = "<group>";
		};
		C19371CA22B0FC500017E696 = {
			isa = PBXGroup;
			children = (
				C19371D522B0FC500017E696 /* MyXellissimeBook */,
				C1B42B8322B140EF00982194 /* MyXellissimeBookTests */,
				C19371D422B0FC500017E696 /* Products */,
				7F6950B9F33C0D67F2E59DD5 /* Pods */,
				79850C0125A74725E8FDC603 /* Frameworks */,
			);
			sourceTree = "<group>";
		};
		C19371D422B0FC500017E696 /* Products */ = {
			isa = PBXGroup;
			children = (
				C19371D322B0FC500017E696 /* MyXellissimeBook.app */,
				C1B42B8222B140EF00982194 /* MyXellissimeBookTests.xctest */,
			);
			name = Products;
			sourceTree = "<group>";
		};
		C19371D522B0FC500017E696 /* MyXellissimeBook */ = {
			isa = PBXGroup;
			children = (
				C16D3EFD231FFC4200F85271 /* MyXellissimeBook.entitlements */,
				C16D3F022320113600F85271 /* payload.geojson */,
				C19371E222B0FC510017E696 /* Info.plist */,
				C13355C822BA68940006D9CD /* Supporting files */,
				C1E5D7A42302ECA000D23E80 /* Extensions */,
				C12C125522B3A02C006A3F2C /* View */,
				C1B42B7722B13F8700982194 /* Model */,
				C19371E822B0FCA70017E696 /* Controller */,
				C19371D622B0FC500017E696 /* AppDelegate.swift */,
				C16D3EFE23200CAA00F85271 /* ApnsUploads.swift */,
				C16D3F0023200DD000F85271 /* NotificationDelegate.swift */,
				C19371DA22B0FC500017E696 /* Main.storyboard */,
				C19371DD22B0FC510017E696 /* Assets.xcassets */,
				C19371DF22B0FC510017E696 /* LaunchScreen.storyboard */,
			);
			path = MyXellissimeBook;
			sourceTree = "<group>";
		};
		C19371E822B0FCA70017E696 /* Controller */ = {
			isa = PBXGroup;
			children = (
				C17EEF5322B28D8B00BF01B5 /* CustomInitialTabBarController.swift */,
				C19371D822B0FC500017E696 /* InitialViewController.swift */,
				C19E1EA4232A7EC5001FA746 /* All Books VC */,
				C100899A22BCD0CA00D3497E /* LogIn */,
				C100899722BCD01D00D3497E /* Book Management */,
				C100899922BCD0A000D3497E /* Search Management */,
				C100899822BCD04500D3497E /* Chat */,
			);
			path = Controller;
			sourceTree = "<group>";
		};
		C19E1EA4232A7EC5001FA746 /* All Books VC */ = {
			isa = PBXGroup;
			children = (
				C19E1EA2232A7EB8001FA746 /* AllBooksViewController.swift */,
			);
			path = "All Books VC";
			sourceTree = "<group>";
		};
		C1B42B7722B13F8700982194 /* Model */ = {
			isa = PBXGroup;
			children = (
				C1E5D7A22302B97000D23E80 /* MyTextRecognizer.swift */,
				C13355DB22BA88E90006D9CD /* GoodReadsAPI.swift */,
				C13355D922BA87C30006D9CD /* OpenLibraryAPI.swift */,
				C13355D722BA85680006D9CD /* Alert.swift */,
				C16B2C70232F955A002D4F4B /* AlertEnglish.swift */,
				C13355D522BA84B40006D9CD /* GoogleBookAPI.swift */,
				C13355D322BA787D0006D9CD /* BookOpenLibraryResponse.swift */,
				C13355CF22BA6BF40006D9CD /* APIManager.swift */,
				C13355D122BA724A0006D9CD /* BookResponse.swift */,
				C113699722B2F1FF003F0503 /* FirebaseUtilities.swift */,
				C13355C022BA1D270006D9CD /* Book.swift */,
				C13355C222BA1E290006D9CD /* LoanBook.swift */,
				C1B42B7822B13FAF00982194 /* User.swift */,
				C1596ED722B6807500CBCD08 /* Message.swift */,
				C12C125122B3915A006A3F2C /* Utilities.swift */,
				C1873FA3233A77C8004C1F13 /* MapAnnotation.swift */,
			);
			path = Model;
			sourceTree = "<group>";
		};
		C1B42B8322B140EF00982194 /* MyXellissimeBookTests */ = {
			isa = PBXGroup;
			children = (
				C116191222BBE51F005BC226 /* LoanBookTestCase.swift */,
				C116191022BBE12A005BC226 /* MessageTestCase.swift */,
				C116190E22BBE0AD005BC226 /* UtilitiesTestCase.swift */,
				C1B42B8422B140EF00982194 /* MyXellissimeBookTests.swift */,
				C1B42B8622B140EF00982194 /* Info.plist */,
				C1B42B8C22B1412000982194 /* UserTest.swift */,
				C116190022BB8080005BC226 /* GoodReads.xml */,
				C116190222BB8646005BC226 /* GoogleBooks.json */,
				C116190422BB986E005BC226 /* OpenLibrary.json */,
				C116190622BB9AFE005BC226 /* FakeResponseData.swift */,
				C116190822BBB21E005BC226 /* URLSessionFake.swift */,
				C116190A22BBB64A005BC226 /* APIManagerTestCase.swift */,
				C116190C22BBDDCD005BC226 /* BookTestCase.swift */,
			);
			path = MyXellissimeBookTests;
			sourceTree = "<group>";
		};
		C1E5D7A42302ECA000D23E80 /* Extensions */ = {
			isa = PBXGroup;
			children = (
				C148A66B2334CA4200CA4717 /* ExtensionDate.swift */,
				C1E5D7AB2302F78100D23E80 /* ExtensionUIImageView.swift */,
				C1C12333231805E400B31989 /* ExtensionUIImage.swift */,
				C1E5D7A92302F70F00D23E80 /* ExtensionUIColor.swift */,
				C1E5D7A52302ED1200D23E80 /* ExtensionViewController.swift */,
				C1E5D7A72302F6A900D23E80 /* ExtensionString.swift */,
				C1873FA1233A4117004C1F13 /* ExtensionsView.swift */,
			);
			path = Extensions;
			sourceTree = "<group>";
		};
/* End PBXGroup section */

/* Begin PBXNativeTarget section */
		C19371D222B0FC500017E696 /* MyXellissimeBook */ = {
			isa = PBXNativeTarget;
			buildConfigurationList = C19371E522B0FC510017E696 /* Build configuration list for PBXNativeTarget "MyXellissimeBook" */;
			buildPhases = (
				4889AAEABD3C51605BBBAA14 /* [CP] Check Pods Manifest.lock */,
				C19371CF22B0FC500017E696 /* Sources */,
				C19371D022B0FC500017E696 /* Frameworks */,
				C19371D122B0FC500017E696 /* Resources */,
				96CD6514EA32D294DFECFB7C /* [CP] Embed Pods Frameworks */,
				754E5ED081E6D1098671FB12 /* [CP] Copy Pods Resources */,
			);
			buildRules = (
			);
			dependencies = (
			);
			name = MyXellissimeBook;
			productName = MyXellissimeBook;
			productReference = C19371D322B0FC500017E696 /* MyXellissimeBook.app */;
			productType = "com.apple.product-type.application";
		};
		C1B42B8122B140EF00982194 /* MyXellissimeBookTests */ = {
			isa = PBXNativeTarget;
			buildConfigurationList = C1B42B8922B140EF00982194 /* Build configuration list for PBXNativeTarget "MyXellissimeBookTests" */;
			buildPhases = (
				490557DB273CD8A9BB5F3568 /* [CP] Check Pods Manifest.lock */,
				C1B42B7E22B140EF00982194 /* Sources */,
				C1B42B7F22B140EF00982194 /* Frameworks */,
				C1B42B8022B140EF00982194 /* Resources */,
				33958913E632ED6DB8DA6129 /* [CP] Embed Pods Frameworks */,
			);
			buildRules = (
			);
			dependencies = (
				C1B42B8822B140EF00982194 /* PBXTargetDependency */,
			);
			name = MyXellissimeBookTests;
			productName = MyXellissimeBookTests;
			productReference = C1B42B8222B140EF00982194 /* MyXellissimeBookTests.xctest */;
			productType = "com.apple.product-type.bundle.unit-test";
		};
/* End PBXNativeTarget section */

/* Begin PBXProject section */
		C19371CB22B0FC500017E696 /* Project object */ = {
			isa = PBXProject;
			attributes = {
				LastSwiftUpdateCheck = 1020;
				LastUpgradeCheck = 1100;
				ORGANIZATIONNAME = GROSSON;
				TargetAttributes = {
					C19371D222B0FC500017E696 = {
						CreatedOnToolsVersion = 10.2.1;
						SystemCapabilities = {
							com.apple.BackgroundModes = {
								enabled = 1;
							};
							com.apple.Push = {
								enabled = 1;
							};
						};
					};
					C1B42B8122B140EF00982194 = {
						CreatedOnToolsVersion = 10.2.1;
						TestTargetID = C19371D222B0FC500017E696;
					};
				};
			};
			buildConfigurationList = C19371CE22B0FC500017E696 /* Build configuration list for PBXProject "MyXellissimeBook" */;
			compatibilityVersion = "Xcode 9.3";
			developmentRegion = en;
			hasScannedForEncodings = 0;
			knownRegions = (
				en,
				Base,
			);
			mainGroup = C19371CA22B0FC500017E696;
			productRefGroup = C19371D422B0FC500017E696 /* Products */;
			projectDirPath = "";
			projectRoot = "";
			targets = (
				C19371D222B0FC500017E696 /* MyXellissimeBook */,
				C1B42B8122B140EF00982194 /* MyXellissimeBookTests */,
			);
		};
/* End PBXProject section */

/* Begin PBXResourcesBuildPhase section */
		C19371D122B0FC500017E696 /* Resources */ = {
			isa = PBXResourcesBuildPhase;
			buildActionMask = 2147483647;
			files = (
				C19371E122B0FC510017E696 /* LaunchScreen.storyboard in Resources */,
				C19371DE22B0FC510017E696 /* Assets.xcassets in Resources */,
				C1A86AE522EF134900AB78EC /* APIKeys.plist in Resources */,
				C19371DC22B0FC500017E696 /* Main.storyboard in Resources */,
				C1A86AE122EF131600AB78EC /* GoogleService-Info.plist in Resources */,
			);
			runOnlyForDeploymentPostprocessing = 0;
		};
		C1B42B8022B140EF00982194 /* Resources */ = {
			isa = PBXResourcesBuildPhase;
			buildActionMask = 2147483647;
			files = (
				C116190122BB8080005BC226 /* GoodReads.xml in Resources */,
				C116190522BB986E005BC226 /* OpenLibrary.json in Resources */,
				C116190322BB8646005BC226 /* GoogleBooks.json in Resources */,
			);
			runOnlyForDeploymentPostprocessing = 0;
		};
/* End PBXResourcesBuildPhase section */

/* Begin PBXShellScriptBuildPhase section */
		33958913E632ED6DB8DA6129 /* [CP] Embed Pods Frameworks */ = {
			isa = PBXShellScriptBuildPhase;
			buildActionMask = 2147483647;
			files = (
			);
			inputFileListPaths = (
			);
			inputPaths = (
				"${SRCROOT}/Pods/Target Support Files/Pods-MyXellissimeBookTests/Pods-MyXellissimeBookTests-frameworks.sh",
				"${BUILT_PRODUCTS_DIR}/GTMSessionFetcher-Core/GTMSessionFetcher.framework",
				"${BUILT_PRODUCTS_DIR}/GoogleUtilities/GoogleUtilities.framework",
				"${BUILT_PRODUCTS_DIR}/SwiftyXMLParser/SwiftyXMLParser.framework",
				"${BUILT_PRODUCTS_DIR}/leveldb-library/leveldb.framework",
				"${BUILT_PRODUCTS_DIR}/nanopb/nanopb.framework",
			);
			name = "[CP] Embed Pods Frameworks";
			outputFileListPaths = (
			);
			outputPaths = (
				"${TARGET_BUILD_DIR}/${FRAMEWORKS_FOLDER_PATH}/GTMSessionFetcher.framework",
				"${TARGET_BUILD_DIR}/${FRAMEWORKS_FOLDER_PATH}/GoogleUtilities.framework",
				"${TARGET_BUILD_DIR}/${FRAMEWORKS_FOLDER_PATH}/SwiftyXMLParser.framework",
				"${TARGET_BUILD_DIR}/${FRAMEWORKS_FOLDER_PATH}/leveldb.framework",
				"${TARGET_BUILD_DIR}/${FRAMEWORKS_FOLDER_PATH}/nanopb.framework",
			);
			runOnlyForDeploymentPostprocessing = 0;
			shellPath = /bin/sh;
			shellScript = "\"${SRCROOT}/Pods/Target Support Files/Pods-MyXellissimeBookTests/Pods-MyXellissimeBookTests-frameworks.sh\"\n";
			showEnvVarsInLog = 0;
		};
		4889AAEABD3C51605BBBAA14 /* [CP] Check Pods Manifest.lock */ = {
			isa = PBXShellScriptBuildPhase;
			buildActionMask = 2147483647;
			files = (
			);
			inputFileListPaths = (
			);
			inputPaths = (
				"${PODS_PODFILE_DIR_PATH}/Podfile.lock",
				"${PODS_ROOT}/Manifest.lock",
			);
			name = "[CP] Check Pods Manifest.lock";
			outputFileListPaths = (
			);
			outputPaths = (
				"$(DERIVED_FILE_DIR)/Pods-MyXellissimeBook-checkManifestLockResult.txt",
			);
			runOnlyForDeploymentPostprocessing = 0;
			shellPath = /bin/sh;
			shellScript = "diff \"${PODS_PODFILE_DIR_PATH}/Podfile.lock\" \"${PODS_ROOT}/Manifest.lock\" > /dev/null\nif [ $? != 0 ] ; then\n    # print error to STDERR\n    echo \"error: The sandbox is not in sync with the Podfile.lock. Run 'pod install' or update your CocoaPods installation.\" >&2\n    exit 1\nfi\n# This output is used by Xcode 'outputs' to avoid re-running this script phase.\necho \"SUCCESS\" > \"${SCRIPT_OUTPUT_FILE_0}\"\n";
			showEnvVarsInLog = 0;
		};
		490557DB273CD8A9BB5F3568 /* [CP] Check Pods Manifest.lock */ = {
			isa = PBXShellScriptBuildPhase;
			buildActionMask = 2147483647;
			files = (
			);
			inputFileListPaths = (
			);
			inputPaths = (
				"${PODS_PODFILE_DIR_PATH}/Podfile.lock",
				"${PODS_ROOT}/Manifest.lock",
			);
			name = "[CP] Check Pods Manifest.lock";
			outputFileListPaths = (
			);
			outputPaths = (
				"$(DERIVED_FILE_DIR)/Pods-MyXellissimeBookTests-checkManifestLockResult.txt",
			);
			runOnlyForDeploymentPostprocessing = 0;
			shellPath = /bin/sh;
			shellScript = "diff \"${PODS_PODFILE_DIR_PATH}/Podfile.lock\" \"${PODS_ROOT}/Manifest.lock\" > /dev/null\nif [ $? != 0 ] ; then\n    # print error to STDERR\n    echo \"error: The sandbox is not in sync with the Podfile.lock. Run 'pod install' or update your CocoaPods installation.\" >&2\n    exit 1\nfi\n# This output is used by Xcode 'outputs' to avoid re-running this script phase.\necho \"SUCCESS\" > \"${SCRIPT_OUTPUT_FILE_0}\"\n";
			showEnvVarsInLog = 0;
		};
		754E5ED081E6D1098671FB12 /* [CP] Copy Pods Resources */ = {
			isa = PBXShellScriptBuildPhase;
			buildActionMask = 2147483647;
			files = (
			);
			inputFileListPaths = (
			);
			inputPaths = (
				"${SRCROOT}/Pods/Target Support Files/Pods-MyXellissimeBook/Pods-MyXellissimeBook-resources.sh",
				"${PODS_CONFIGURATION_BUILD_DIR}/GoogleMobileVision/GoogleMVTextDetectorResources.bundle",
			);
			name = "[CP] Copy Pods Resources";
			outputFileListPaths = (
			);
			outputPaths = (
				"${TARGET_BUILD_DIR}/${UNLOCALIZED_RESOURCES_FOLDER_PATH}/GoogleMVTextDetectorResources.bundle",
			);
			runOnlyForDeploymentPostprocessing = 0;
			shellPath = /bin/sh;
			shellScript = "\"${SRCROOT}/Pods/Target Support Files/Pods-MyXellissimeBook/Pods-MyXellissimeBook-resources.sh\"\n";
			showEnvVarsInLog = 0;
		};
		96CD6514EA32D294DFECFB7C /* [CP] Embed Pods Frameworks */ = {
			isa = PBXShellScriptBuildPhase;
			buildActionMask = 2147483647;
			files = (
			);
			inputFileListPaths = (
			);
			inputPaths = (
				"${SRCROOT}/Pods/Target Support Files/Pods-MyXellissimeBook/Pods-MyXellissimeBook-frameworks.sh",
				"${BUILT_PRODUCTS_DIR}/GTMSessionFetcher.default-Core/GTMSessionFetcher.framework",
				"${BUILT_PRODUCTS_DIR}/GoogleAPIClientForREST/GoogleAPIClientForREST.framework",
				"${BUILT_PRODUCTS_DIR}/GoogleToolboxForMac/GoogleToolboxForMac.framework",
				"${BUILT_PRODUCTS_DIR}/GoogleUtilities/GoogleUtilities.framework",
				"${BUILT_PRODUCTS_DIR}/Protobuf/Protobuf.framework",
				"${BUILT_PRODUCTS_DIR}/SwiftyXMLParser/SwiftyXMLParser.framework",
				"${BUILT_PRODUCTS_DIR}/leveldb-library/leveldb.framework",
				"${BUILT_PRODUCTS_DIR}/nanopb/nanopb.framework",
			);
			name = "[CP] Embed Pods Frameworks";
			outputFileListPaths = (
			);
			outputPaths = (
				"${TARGET_BUILD_DIR}/${FRAMEWORKS_FOLDER_PATH}/GTMSessionFetcher.framework",
				"${TARGET_BUILD_DIR}/${FRAMEWORKS_FOLDER_PATH}/GoogleAPIClientForREST.framework",
				"${TARGET_BUILD_DIR}/${FRAMEWORKS_FOLDER_PATH}/GoogleToolboxForMac.framework",
				"${TARGET_BUILD_DIR}/${FRAMEWORKS_FOLDER_PATH}/GoogleUtilities.framework",
				"${TARGET_BUILD_DIR}/${FRAMEWORKS_FOLDER_PATH}/Protobuf.framework",
				"${TARGET_BUILD_DIR}/${FRAMEWORKS_FOLDER_PATH}/SwiftyXMLParser.framework",
				"${TARGET_BUILD_DIR}/${FRAMEWORKS_FOLDER_PATH}/leveldb.framework",
				"${TARGET_BUILD_DIR}/${FRAMEWORKS_FOLDER_PATH}/nanopb.framework",
			);
			runOnlyForDeploymentPostprocessing = 0;
			shellPath = /bin/sh;
			shellScript = "\"${SRCROOT}/Pods/Target Support Files/Pods-MyXellissimeBook/Pods-MyXellissimeBook-frameworks.sh\"\n";
			showEnvVarsInLog = 0;
		};
/* End PBXShellScriptBuildPhase section */

/* Begin PBXSourcesBuildPhase section */
		C19371CF22B0FC500017E696 /* Sources */ = {
			isa = PBXSourcesBuildPhase;
			buildActionMask = 2147483647;
			files = (
				C15D2B2022BD256300B621E8 /* DetailAvailableBookViewController.swift in Sources */,
				C12FAA53230159900031AF19 /* ChatLogController+SetupScreen.swift in Sources */,
				C120D34D22C0AE0F00E749BC /* LoanConfirmationViewController+setupScreen.swift in Sources */,
				C1226F0D22BFAE5500A35A51 /* LoanConfirmationViewController.swift in Sources */,
				C13355DA22BA87C30006D9CD /* OpenLibraryAPI.swift in Sources */,
				C100899422BCAEB700D3497E /* UserBookCell.swift in Sources */,
				C11B304A22BE034C0023CF0E /* SearchViewController+SetupScreen.swift in Sources */,
				C1A5841022B4FE1000EABEBA /* ChatLogController.swift in Sources */,
				C1E5D7A62302ED1200D23E80 /* ExtensionViewController.swift in Sources */,
				C17EEF5622B292C500BF01B5 /* SearchViewController.swift in Sources */,
				C1E5D7AC2302F78100D23E80 /* ExtensionUIImageView.swift in Sources */,
				C1A86AE422EF134900AB78EC /* APIKeys.swift in Sources */,
				C14B9FCC22B90BB8000BDA58 /* ChatMessageCell.swift in Sources */,
				C12C125B22B40934006A3F2C /* UserCell.swift in Sources */,
				C1E5D7A32302B97000D23E80 /* MyTextRecognizer.swift in Sources */,
				C1226F0B22BF47C600A35A51 /* ManageLoanViewController+setupScreen.swift in Sources */,
				C163F9B2230D2F2500458423 /* AddManuallyViewController+setupScreen.swift in Sources */,
				C13355C722BA45F20006D9CD /* ScanRunningViewController.swift in Sources */,
				C13355C522BA255E0006D9CD /* ScanMenuViewController.swift in Sources */,
				C12C125922B3D5FD006A3F2C /* LoginControler+handlers.swift in Sources */,
				C13355D622BA84B40006D9CD /* GoogleBookAPI.swift in Sources */,
				C13355D822BA85680006D9CD /* Alert.swift in Sources */,
				C17EEF5422B28D8B00BF01B5 /* CustomInitialTabBarController.swift in Sources */,
				C148A66C2334CA4200CA4717 /* ExtensionDate.swift in Sources */,
				C12C125222B3915A006A3F2C /* Utilities.swift in Sources */,
				C16D3EFF23200CAA00F85271 /* ApnsUploads.swift in Sources */,
				C11B305022BE61310023CF0E /* DetailLentBookViewController+setupScreen.swift in Sources */,
				C1A5840E22B4F59200EABEBA /* ChatInitialViewController.swift in Sources */,
				C1B42B7922B13FAF00982194 /* User.swift in Sources */,
				C12C125022B3839D006A3F2C /* AddManuallyViewController.swift in Sources */,
				C19371D922B0FC500017E696 /* InitialViewController.swift in Sources */,
				C11B304C22BE18910023CF0E /* UserLentBooksTableViewController.swift in Sources */,
				C120D34F22C0C1C500E749BC /* UserBorrowedBooksTableViewController.swift in Sources */,
				C120D35922C1618500E749BC /* SearchBookDetailViewController+setupScreen.swift in Sources */,
				C120D34B22C09AD700E749BC /* CustomUI.swift in Sources */,
				C11B304E22BE20330023CF0E /* DetailLentBookViewController.swift in Sources */,
				C19371EA22B0FD070017E696 /* LoginController.swift in Sources */,
				C120D35522C1350600E749BC /* SearchBookResultTableViewController.swift in Sources */,
				C19E1EA3232A7EB8001FA746 /* AllBooksViewController.swift in Sources */,
				C19371D722B0FC500017E696 /* AppDelegate.swift in Sources */,
				C1E5D7AA2302F70F00D23E80 /* ExtensionUIColor.swift in Sources */,
				C17EEF5822B2934100BF01B5 /* ChatTableViewController.swift in Sources */,
				C13355DC22BA88E90006D9CD /* GoodReadsAPI.swift in Sources */,
				C120D35722C1602C00E749BC /* SearchBookDetailViewController.swift in Sources */,
				C1D1A77E2316C78700E771AD /* AddBookViewController+setupScreen.swift in Sources */,
				C100899622BCCB6100D3497E /* UserBooksTableViewController.swift in Sources */,
				C1873FA4233A77C8004C1F13 /* MapAnnotation.swift in Sources */,
				C13355C122BA1D270006D9CD /* Book.swift in Sources */,
				C1596ED822B6807500CBCD08 /* Message.swift in Sources */,
				C13355C322BA1E290006D9CD /* LoanBook.swift in Sources */,
				C11B305222BE7E530023CF0E /* ManageLoanViewController.swift in Sources */,
				C15D2B2222BD495B00B621E8 /* LoginController+setupScreen.swift in Sources */,
				C1E5D7A82302F6A900D23E80 /* ExtensionString.swift in Sources */,
				C1873FA0233A3BAF004C1F13 /* Map.swift in Sources */,
				C120D35122C0E44500E749BC /* DetailBorrowedBookViewController.swift in Sources */,
				C13355D022BA6BF40006D9CD /* APIManager.swift in Sources */,
				C1C12334231805E400B31989 /* ExtensionUIImage.swift in Sources */,
				C13355D422BA787D0006D9CD /* BookOpenLibraryResponse.swift in Sources */,
				C12C124E22B37469006A3F2C /* AddBookViewController.swift in Sources */,
				C1873FA2233A4117004C1F13 /* ExtensionsView.swift in Sources */,
				C113699822B2F1FF003F0503 /* FirebaseUtilities.swift in Sources */,
				C16B2C71232F955A002D4F4B /* AlertEnglish.swift in Sources */,
				C13355D222BA724A0006D9CD /* BookResponse.swift in Sources */,
				C16D3F0123200DD000F85271 /* NotificationDelegate.swift in Sources */,
				C120D35322C0E6E800E749BC /* DetailBorrowerBookViewController+setupScreen.swift in Sources */,
			);
			runOnlyForDeploymentPostprocessing = 0;
		};
		C1B42B7E22B140EF00982194 /* Sources */ = {
			isa = PBXSourcesBuildPhase;
			buildActionMask = 2147483647;
			files = (
				C116190F22BBE0AD005BC226 /* UtilitiesTestCase.swift in Sources */,
				C116191322BBE51F005BC226 /* LoanBookTestCase.swift in Sources */,
				C116191122BBE12A005BC226 /* MessageTestCase.swift in Sources */,
				C116190D22BBDDCD005BC226 /* BookTestCase.swift in Sources */,
				C1B42B8D22B1412000982194 /* UserTest.swift in Sources */,
				C116190922BBB21E005BC226 /* URLSessionFake.swift in Sources */,
				C1B42B8522B140EF00982194 /* MyXellissimeBookTests.swift in Sources */,
				C116190B22BBB64A005BC226 /* APIManagerTestCase.swift in Sources */,
				C116190722BB9AFE005BC226 /* FakeResponseData.swift in Sources */,
			);
			runOnlyForDeploymentPostprocessing = 0;
		};
/* End PBXSourcesBuildPhase section */

/* Begin PBXTargetDependency section */
		C1B42B8822B140EF00982194 /* PBXTargetDependency */ = {
			isa = PBXTargetDependency;
			target = C19371D222B0FC500017E696 /* MyXellissimeBook */;
			targetProxy = C1B42B8722B140EF00982194 /* PBXContainerItemProxy */;
		};
/* End PBXTargetDependency section */

/* Begin PBXVariantGroup section */
		C19371DA22B0FC500017E696 /* Main.storyboard */ = {
			isa = PBXVariantGroup;
			children = (
				C19371DB22B0FC500017E696 /* Base */,
			);
			name = Main.storyboard;
			sourceTree = "<group>";
		};
		C19371DF22B0FC510017E696 /* LaunchScreen.storyboard */ = {
			isa = PBXVariantGroup;
			children = (
				C19371E022B0FC510017E696 /* Base */,
			);
			name = LaunchScreen.storyboard;
			sourceTree = "<group>";
		};
/* End PBXVariantGroup section */

/* Begin XCBuildConfiguration section */
		C19371E322B0FC510017E696 /* Debug */ = {
			isa = XCBuildConfiguration;
			baseConfigurationReference = 5039E6534E02372DEB3671A4 /* Pods-MyXellissimeBook.debug.xcconfig */;
			buildSettings = {
				ALWAYS_SEARCH_USER_PATHS = NO;
				CLANG_ANALYZER_NONNULL = YES;
				CLANG_ANALYZER_NUMBER_OBJECT_CONVERSION = YES_AGGRESSIVE;
				CLANG_CXX_LANGUAGE_STANDARD = "gnu++14";
				CLANG_CXX_LIBRARY = "libc++";
				CLANG_ENABLE_MODULES = YES;
				CLANG_ENABLE_OBJC_ARC = YES;
				CLANG_ENABLE_OBJC_WEAK = YES;
				CLANG_WARN_BLOCK_CAPTURE_AUTORELEASING = YES;
				CLANG_WARN_BOOL_CONVERSION = YES;
				CLANG_WARN_COMMA = YES;
				CLANG_WARN_CONSTANT_CONVERSION = YES;
				CLANG_WARN_DEPRECATED_OBJC_IMPLEMENTATIONS = YES;
				CLANG_WARN_DIRECT_OBJC_ISA_USAGE = YES_ERROR;
				CLANG_WARN_DOCUMENTATION_COMMENTS = YES;
				CLANG_WARN_EMPTY_BODY = YES;
				CLANG_WARN_ENUM_CONVERSION = YES;
				CLANG_WARN_INFINITE_RECURSION = YES;
				CLANG_WARN_INT_CONVERSION = YES;
				CLANG_WARN_NON_LITERAL_NULL_CONVERSION = YES;
				CLANG_WARN_OBJC_IMPLICIT_RETAIN_SELF = YES;
				CLANG_WARN_OBJC_LITERAL_CONVERSION = YES;
				CLANG_WARN_OBJC_ROOT_CLASS = YES_ERROR;
				CLANG_WARN_RANGE_LOOP_ANALYSIS = YES;
				CLANG_WARN_STRICT_PROTOTYPES = YES;
				CLANG_WARN_SUSPICIOUS_MOVE = YES;
				CLANG_WARN_UNGUARDED_AVAILABILITY = YES_AGGRESSIVE;
				CLANG_WARN_UNREACHABLE_CODE = YES;
				CLANG_WARN__DUPLICATE_METHOD_MATCH = YES;
				CODE_SIGN_IDENTITY = "iPhone Developer";
				COPY_PHASE_STRIP = NO;
				DEBUG_INFORMATION_FORMAT = dwarf;
				ENABLE_STRICT_OBJC_MSGSEND = YES;
				ENABLE_TESTABILITY = YES;
				GCC_C_LANGUAGE_STANDARD = gnu11;
				GCC_DYNAMIC_NO_PIC = NO;
				GCC_NO_COMMON_BLOCKS = YES;
				GCC_OPTIMIZATION_LEVEL = 0;
				GCC_PREPROCESSOR_DEFINITIONS = (
					"DEBUG=1",
					"$(inherited)",
				);
				GCC_WARN_64_TO_32_BIT_CONVERSION = YES;
				GCC_WARN_ABOUT_RETURN_TYPE = YES_ERROR;
				GCC_WARN_UNDECLARED_SELECTOR = YES;
				GCC_WARN_UNINITIALIZED_AUTOS = YES_AGGRESSIVE;
				GCC_WARN_UNUSED_FUNCTION = YES;
				GCC_WARN_UNUSED_VARIABLE = YES;
				IPHONEOS_DEPLOYMENT_TARGET = 11.0;
				MTL_ENABLE_DEBUG_INFO = INCLUDE_SOURCE;
				MTL_FAST_MATH = YES;
				ONLY_ACTIVE_ARCH = YES;
				SDKROOT = iphoneos;
				SWIFT_ACTIVE_COMPILATION_CONDITIONS = DEBUG;
				SWIFT_OPTIMIZATION_LEVEL = "-Onone";
			};
			name = Debug;
		};
		C19371E422B0FC510017E696 /* Release */ = {
			isa = XCBuildConfiguration;
			buildSettings = {
				ALWAYS_SEARCH_USER_PATHS = NO;
				CLANG_ANALYZER_NONNULL = YES;
				CLANG_ANALYZER_NUMBER_OBJECT_CONVERSION = YES_AGGRESSIVE;
				CLANG_CXX_LANGUAGE_STANDARD = "gnu++14";
				CLANG_CXX_LIBRARY = "libc++";
				CLANG_ENABLE_MODULES = YES;
				CLANG_ENABLE_OBJC_ARC = YES;
				CLANG_ENABLE_OBJC_WEAK = YES;
				CLANG_WARN_BLOCK_CAPTURE_AUTORELEASING = YES;
				CLANG_WARN_BOOL_CONVERSION = YES;
				CLANG_WARN_COMMA = YES;
				CLANG_WARN_CONSTANT_CONVERSION = YES;
				CLANG_WARN_DEPRECATED_OBJC_IMPLEMENTATIONS = YES;
				CLANG_WARN_DIRECT_OBJC_ISA_USAGE = YES_ERROR;
				CLANG_WARN_DOCUMENTATION_COMMENTS = YES;
				CLANG_WARN_EMPTY_BODY = YES;
				CLANG_WARN_ENUM_CONVERSION = YES;
				CLANG_WARN_INFINITE_RECURSION = YES;
				CLANG_WARN_INT_CONVERSION = YES;
				CLANG_WARN_NON_LITERAL_NULL_CONVERSION = YES;
				CLANG_WARN_OBJC_IMPLICIT_RETAIN_SELF = YES;
				CLANG_WARN_OBJC_LITERAL_CONVERSION = YES;
				CLANG_WARN_OBJC_ROOT_CLASS = YES_ERROR;
				CLANG_WARN_RANGE_LOOP_ANALYSIS = YES;
				CLANG_WARN_STRICT_PROTOTYPES = YES;
				CLANG_WARN_SUSPICIOUS_MOVE = YES;
				CLANG_WARN_UNGUARDED_AVAILABILITY = YES_AGGRESSIVE;
				CLANG_WARN_UNREACHABLE_CODE = YES;
				CLANG_WARN__DUPLICATE_METHOD_MATCH = YES;
				CODE_SIGN_IDENTITY = "iPhone Developer";
				COPY_PHASE_STRIP = NO;
				DEBUG_INFORMATION_FORMAT = "dwarf-with-dsym";
				ENABLE_NS_ASSERTIONS = NO;
				ENABLE_STRICT_OBJC_MSGSEND = YES;
				GCC_C_LANGUAGE_STANDARD = gnu11;
				GCC_NO_COMMON_BLOCKS = YES;
				GCC_WARN_64_TO_32_BIT_CONVERSION = YES;
				GCC_WARN_ABOUT_RETURN_TYPE = YES_ERROR;
				GCC_WARN_UNDECLARED_SELECTOR = YES;
				GCC_WARN_UNINITIALIZED_AUTOS = YES_AGGRESSIVE;
				GCC_WARN_UNUSED_FUNCTION = YES;
				GCC_WARN_UNUSED_VARIABLE = YES;
				IPHONEOS_DEPLOYMENT_TARGET = 11.0;
				MTL_ENABLE_DEBUG_INFO = NO;
				MTL_FAST_MATH = YES;
				SDKROOT = iphoneos;
				SWIFT_COMPILATION_MODE = wholemodule;
				SWIFT_OPTIMIZATION_LEVEL = "-O";
				VALIDATE_PRODUCT = YES;
			};
			name = Release;
		};
		C19371E622B0FC510017E696 /* Debug */ = {
			isa = XCBuildConfiguration;
			baseConfigurationReference = 5039E6534E02372DEB3671A4 /* Pods-MyXellissimeBook.debug.xcconfig */;
			buildSettings = {
				ASSETCATALOG_COMPILER_APPICON_NAME = AppIcon;
				CODE_SIGN_ENTITLEMENTS = MyXellissimeBook/MyXellissimeBook.entitlements;
				CODE_SIGN_STYLE = Automatic;
				DEVELOPMENT_TEAM = 2UG4LAMEK9;
				INFOPLIST_FILE = MyXellissimeBook/Info.plist;
				IPHONEOS_DEPLOYMENT_TARGET = 11.0;
				LD_RUNPATH_SEARCH_PATHS = (
					"$(inherited)",
					"@executable_path/Frameworks",
				);
				PRODUCT_BUNDLE_IDENTIFIER = com.GROSSON.MyXellissimeBook;
				PRODUCT_NAME = "$(TARGET_NAME)";
				SWIFT_VERSION = 5.0;
				TARGETED_DEVICE_FAMILY = "1,2";
			};
			name = Debug;
		};
		C19371E722B0FC510017E696 /* Release */ = {
			isa = XCBuildConfiguration;
			baseConfigurationReference = 4912A2591C27597BF3C33A39 /* Pods-MyXellissimeBook.release.xcconfig */;
			buildSettings = {
				ASSETCATALOG_COMPILER_APPICON_NAME = AppIcon;
				CODE_SIGN_ENTITLEMENTS = MyXellissimeBook/MyXellissimeBook.entitlements;
				CODE_SIGN_STYLE = Automatic;
				DEVELOPMENT_TEAM = 2UG4LAMEK9;
				INFOPLIST_FILE = MyXellissimeBook/Info.plist;
				IPHONEOS_DEPLOYMENT_TARGET = 11.0;
				LD_RUNPATH_SEARCH_PATHS = (
					"$(inherited)",
					"@executable_path/Frameworks",
				);
				PRODUCT_BUNDLE_IDENTIFIER = com.GROSSON.MyXellissimeBook;
				PRODUCT_NAME = "$(TARGET_NAME)";
				SWIFT_VERSION = 5.0;
				TARGETED_DEVICE_FAMILY = "1,2";
			};
			name = Release;
		};
		C1B42B8A22B140EF00982194 /* Debug */ = {
			isa = XCBuildConfiguration;
			baseConfigurationReference = DF6572B50869E9097F08E23E /* Pods-MyXellissimeBookTests.debug.xcconfig */;
			buildSettings = {
				BUNDLE_LOADER = "$(TEST_HOST)";
				CODE_SIGN_STYLE = Automatic;
				DEVELOPMENT_TEAM = 2UG4LAMEK9;
				INFOPLIST_FILE = MyXellissimeBookTests/Info.plist;
				LD_RUNPATH_SEARCH_PATHS = (
					"$(inherited)",
					"@executable_path/Frameworks",
					"@loader_path/Frameworks",
				);
				PRODUCT_BUNDLE_IDENTIFIER = com.GROSSON.MyXellissimeBookTests;
				PRODUCT_NAME = "$(TARGET_NAME)";
				SWIFT_VERSION = 5.0;
				TARGETED_DEVICE_FAMILY = "1,2";
				TEST_HOST = "$(BUILT_PRODUCTS_DIR)/MyXellissimeBook.app/MyXellissimeBook";
			};
			name = Debug;
		};
		C1B42B8B22B140EF00982194 /* Release */ = {
			isa = XCBuildConfiguration;
			baseConfigurationReference = D150990AA3C5194A0169970A /* Pods-MyXellissimeBookTests.release.xcconfig */;
			buildSettings = {
				BUNDLE_LOADER = "$(TEST_HOST)";
				CODE_SIGN_STYLE = Automatic;
				DEVELOPMENT_TEAM = 2UG4LAMEK9;
				INFOPLIST_FILE = MyXellissimeBookTests/Info.plist;
				LD_RUNPATH_SEARCH_PATHS = (
					"$(inherited)",
					"@executable_path/Frameworks",
					"@loader_path/Frameworks",
				);
				PRODUCT_BUNDLE_IDENTIFIER = com.GROSSON.MyXellissimeBookTests;
				PRODUCT_NAME = "$(TARGET_NAME)";
				SWIFT_VERSION = 5.0;
				TARGETED_DEVICE_FAMILY = "1,2";
				TEST_HOST = "$(BUILT_PRODUCTS_DIR)/MyXellissimeBook.app/MyXellissimeBook";
			};
			name = Release;
		};
/* End XCBuildConfiguration section */

/* Begin XCConfigurationList section */
		C19371CE22B0FC500017E696 /* Build configuration list for PBXProject "MyXellissimeBook" */ = {
			isa = XCConfigurationList;
			buildConfigurations = (
				C19371E322B0FC510017E696 /* Debug */,
				C19371E422B0FC510017E696 /* Release */,
			);
			defaultConfigurationIsVisible = 0;
			defaultConfigurationName = Release;
		};
		C19371E522B0FC510017E696 /* Build configuration list for PBXNativeTarget "MyXellissimeBook" */ = {
			isa = XCConfigurationList;
			buildConfigurations = (
				C19371E622B0FC510017E696 /* Debug */,
				C19371E722B0FC510017E696 /* Release */,
			);
			defaultConfigurationIsVisible = 0;
			defaultConfigurationName = Release;
		};
		C1B42B8922B140EF00982194 /* Build configuration list for PBXNativeTarget "MyXellissimeBookTests" */ = {
			isa = XCConfigurationList;
			buildConfigurations = (
				C1B42B8A22B140EF00982194 /* Debug */,
				C1B42B8B22B140EF00982194 /* Release */,
			);
			defaultConfigurationIsVisible = 0;
			defaultConfigurationName = Release;
		};
/* End XCConfigurationList section */
	};
	rootObject = C19371CB22B0FC500017E696 /* Project object */;
}
